
Microsoft Visual Studio Solution File, Format Version 12.00
# Visual Studio Version 16
VisualStudioVersion = 16.0.30804.86
MinimumVisualStudioVersion = 10.0.40219.1
Project("{9A19103F-16F7-4668-BE54-9A1E7A4F7556}") = "MathInstructionProcessor", "MathInstructionProcessor\MathInstructionProcessor.csproj", "{B6095285-5688-4A82-9D43-2BBBB1D71702}"
EndProject
Project("{9A19103F-16F7-4668-BE54-9A1E7A4F7556}") = "MathInstructionProcessor.Common", "MathInstructionProcessor.Common\MathInstructionProcessor.Common.csproj", "{4C6FFB47-9BC7-4701-97AD-F3BF62A66201}"
EndProject
Project("{FAE04EC0-301F-11D3-BF4B-00C04F79EFBC}") = "MathInstructionProcessor.Unit.Tests", "MathInstructionProcessor.Unit.Tests\MathInstructionProcessor.Unit.Tests.csproj", "{A1AAEA8C-2FAF-4AF6-A886-6E5686A17CDB}"
EndProject
Project("{2150E333-8FDC-42A3-9474-1A3956D46DE8}") = "MathInstructionsProcessor.Postman.Tests", "MathInstructionsProcessor.Postman.Tests", "{DC939D83-95D4-4C82-A58C-A47962082ED0}"
EndProject
Project("{2150E333-8FDC-42A3-9474-1A3956D46DE8}") = "Data", "Data", "{37462A9A-4A29-4F80-9692-89F72CA6D170}"
	ProjectSection(SolutionItems) = preProject
		..\..\..\..\..\Postman\files\instructions_Invalid_DivideByZero.txt = ..\..\..\..\..\Postman\files\instructions_Invalid_DivideByZero.txt
		..\..\..\..\..\Postman\files\instructions_Invalid_MissingApply.txt = ..\..\..\..\..\Postman\files\instructions_Invalid_MissingApply.txt
		..\..\..\..\..\Postman\files\instructions_Valid.txt = ..\..\..\..\..\Postman\files\instructions_Valid.txt
		..\..\..\..\..\Postman\files\instructions_Valid_BiggerInt.txt = ..\..\..\..\..\Postman\files\instructions_Valid_BiggerInt.txt
		..\..\..\..\..\Postman\files\instructions_Valid_ExtraSpaces.txt = ..\..\..\..\..\Postman\files\instructions_Valid_ExtraSpaces.txt
	EndProjectSection
EndProject
Project("{2150E333-8FDC-42A3-9474-1A3956D46DE8}") = "PostmanCollections", "PostmanCollections", "{93F32E00-72AA-4C3E-9BE8-2E6D6F491DF6}"
	ProjectSection(SolutionItems) = preProject
		..\..\..\..\MathInstructionProcessor.postman_collection.json = ..\..\..\..\MathInstructionProcessor.postman_collection.json
	EndProjectSection
EndProject
Global
	GlobalSection(SolutionConfigurationPlatforms) = preSolution
		Debug|Any CPU = Debug|Any CPU
		Release|Any CPU = Release|Any CPU
	EndGlobalSection
	GlobalSection(ProjectConfigurationPlatforms) = postSolution
		{B6095285-5688-4A82-9D43-2BBBB1D71702}.Debug|Any CPU.ActiveCfg = Debug|Any CPU
		{B6095285-5688-4A82-9D43-2BBBB1D71702}.Debug|Any CPU.Build.0 = Debug|Any CPU
		{B6095285-5688-4A82-9D43-2BBBB1D71702}.Release|Any CPU.ActiveCfg = Release|Any CPU
		{B6095285-5688-4A82-9D43-2BBBB1D71702}.Release|Any CPU.Build.0 = Release|Any CPU
		{4C6FFB47-9BC7-4701-97AD-F3BF62A66201}.Debug|Any CPU.ActiveCfg = Debug|Any CPU
		{4C6FFB47-9BC7-4701-97AD-F3BF62A66201}.Debug|Any CPU.Build.0 = Debug|Any CPU
		{4C6FFB47-9BC7-4701-97AD-F3BF62A66201}.Release|Any CPU.ActiveCfg = Release|Any CPU
		{4C6FFB47-9BC7-4701-97AD-F3BF62A66201}.Release|Any CPU.Build.0 = Release|Any CPU
		{A1AAEA8C-2FAF-4AF6-A886-6E5686A17CDB}.Debug|Any CPU.ActiveCfg = Debug|Any CPU
		{A1AAEA8C-2FAF-4AF6-A886-6E5686A17CDB}.Debug|Any CPU.Build.0 = Debug|Any CPU
		{A1AAEA8C-2FAF-4AF6-A886-6E5686A17CDB}.Release|Any CPU.ActiveCfg = Release|Any CPU
		{A1AAEA8C-2FAF-4AF6-A886-6E5686A17CDB}.Release|Any CPU.Build.0 = Release|Any CPU
	EndGlobalSection
	GlobalSection(SolutionProperties) = preSolution
		HideSolutionNode = FALSE
	EndGlobalSection
	GlobalSection(NestedProjects) = preSolution
		{37462A9A-4A29-4F80-9692-89F72CA6D170} = {DC939D83-95D4-4C82-A58C-A47962082ED0}
		{93F32E00-72AA-4C3E-9BE8-2E6D6F491DF6} = {DC939D83-95D4-4C82-A58C-A47962082ED0}
	EndGlobalSection
	GlobalSection(ExtensibilityGlobals) = postSolution
		SolutionGuid = {23CDD25E-300E-434C-B94F-06C5B909C12E}
	EndGlobalSection
EndGlobal
